
Microsoft Visual Studio Solution File, Format Version 12.00
# Visual Studio Version 17
VisualStudioVersion = 17.0.32112.339
MinimumVisualStudioVersion = 10.0.40219.1
Project("{9A19103F-16F7-4668-BE54-9A1E7A4F7556}") = "1. Encrypt, Sort, and Print Array", "More Exercises - Arrays\1. Encrypt, Sort, and Print Array.csproj", "{92E0983B-BF23-4BC0-82B4-2B92D242FDC4}"
EndProject
Project("{9A19103F-16F7-4668-BE54-9A1E7A4F7556}") = "2. Pascal Triangle", "2. Pascal Triangle\2. Pascal Triangle.csproj", "{F1A09B50-929E-422F-874E-2FE53BF750F6}"
EndProject
Project("{FAE04EC0-301F-11D3-BF4B-00C04F79EFBC}") = "4. Fold and Sum", "4. Fold and Sum\4. Fold and Sum.csproj", "{61BAC257-8A0D-473E-8DD0-7C38EE764600}"
EndProject
Global
	GlobalSection(SolutionConfigurationPlatforms) = preSolution
		Debug|Any CPU = Debug|Any CPU
		Release|Any CPU = Release|Any CPU
	EndGlobalSection
	GlobalSection(ProjectConfigurationPlatforms) = postSolution
		{92E0983B-BF23-4BC0-82B4-2B92D242FDC4}.Debug|Any CPU.ActiveCfg = Debug|Any CPU
		{92E0983B-BF23-4BC0-82B4-2B92D242FDC4}.Debug|Any CPU.Build.0 = Debug|Any CPU
		{92E0983B-BF23-4BC0-82B4-2B92D242FDC4}.Release|Any CPU.ActiveCfg = Release|Any CPU
		{92E0983B-BF23-4BC0-82B4-2B92D242FDC4}.Release|Any CPU.Build.0 = Release|Any CPU
		{F1A09B50-929E-422F-874E-2FE53BF750F6}.Debug|Any CPU.ActiveCfg = Debug|Any CPU
		{F1A09B50-929E-422F-874E-2FE53BF750F6}.Debug|Any CPU.Build.0 = Debug|Any CPU
		{F1A09B50-929E-422F-874E-2FE53BF750F6}.Release|Any CPU.ActiveCfg = Release|Any CPU
		{F1A09B50-929E-422F-874E-2FE53BF750F6}.Release|Any CPU.Build.0 = Release|Any CPU
		{61BAC257-8A0D-473E-8DD0-7C38EE764600}.Debug|Any CPU.ActiveCfg = Debug|Any CPU
		{61BAC257-8A0D-473E-8DD0-7C38EE764600}.Debug|Any CPU.Build.0 = Debug|Any CPU
		{61BAC257-8A0D-473E-8DD0-7C38EE764600}.Release|Any CPU.ActiveCfg = Release|Any CPU
		{61BAC257-8A0D-473E-8DD0-7C38EE764600}.Release|Any CPU.Build.0 = Release|Any CPU
	EndGlobalSection
	GlobalSection(SolutionProperties) = preSolution
		HideSolutionNode = FALSE
	EndGlobalSection
	GlobalSection(ExtensibilityGlobals) = postSolution
		SolutionGuid = {BF24D723-341E-418B-9D02-96396FA457A4}
	EndGlobalSection
EndGlobal
