
Microsoft Visual Studio Solution File, Format Version 12.00
# Visual Studio Version 17
VisualStudioVersion = 17.1.32319.34
MinimumVisualStudioVersion = 10.0.40219.1
Project("{9A19103F-16F7-4668-BE54-9A1E7A4F7556}") = "01. Secret Chat", "01. Secret Chat\01. Secret Chat.csproj", "{AFB57DEB-3257-4EC8-B468-9E1BB1911867}"
EndProject
Project("{9A19103F-16F7-4668-BE54-9A1E7A4F7556}") = "02. Mirror Words", "02. Mirror Words\02. Mirror Words.csproj", "{0F374A77-F329-4295-83F5-2A61F128262C}"
EndProject
Project("{FAE04EC0-301F-11D3-BF4B-00C04F79EFBC}") = "03. Need for Speed III", "03. Need for Speed III\03. Need for Speed III.csproj", "{1B1CD792-7802-43E8-B177-B0099FA52587}"
EndProject
Global
	GlobalSection(SolutionConfigurationPlatforms) = preSolution
		Debug|Any CPU = Debug|Any CPU
		Release|Any CPU = Release|Any CPU
	EndGlobalSection
	GlobalSection(ProjectConfigurationPlatforms) = postSolution
		{AFB57DEB-3257-4EC8-B468-9E1BB1911867}.Debug|Any CPU.ActiveCfg = Debug|Any CPU
		{AFB57DEB-3257-4EC8-B468-9E1BB1911867}.Debug|Any CPU.Build.0 = Debug|Any CPU
		{AFB57DEB-3257-4EC8-B468-9E1BB1911867}.Release|Any CPU.ActiveCfg = Release|Any CPU
		{AFB57DEB-3257-4EC8-B468-9E1BB1911867}.Release|Any CPU.Build.0 = Release|Any CPU
		{0F374A77-F329-4295-83F5-2A61F128262C}.Debug|Any CPU.ActiveCfg = Debug|Any CPU
		{0F374A77-F329-4295-83F5-2A61F128262C}.Debug|Any CPU.Build.0 = Debug|Any CPU
		{0F374A77-F329-4295-83F5-2A61F128262C}.Release|Any CPU.ActiveCfg = Release|Any CPU
		{0F374A77-F329-4295-83F5-2A61F128262C}.Release|Any CPU.Build.0 = Release|Any CPU
		{1B1CD792-7802-43E8-B177-B0099FA52587}.Debug|Any CPU.ActiveCfg = Debug|Any CPU
		{1B1CD792-7802-43E8-B177-B0099FA52587}.Debug|Any CPU.Build.0 = Debug|Any CPU
		{1B1CD792-7802-43E8-B177-B0099FA52587}.Release|Any CPU.ActiveCfg = Release|Any CPU
		{1B1CD792-7802-43E8-B177-B0099FA52587}.Release|Any CPU.Build.0 = Release|Any CPU
	EndGlobalSection
	GlobalSection(SolutionProperties) = preSolution
		HideSolutionNode = FALSE
	EndGlobalSection
	GlobalSection(ExtensibilityGlobals) = postSolution
		SolutionGuid = {0BB0ED72-5D74-422D-885A-B62DB9718B4C}
	EndGlobalSection
EndGlobal
