
Microsoft Visual Studio Solution File, Format Version 12.00
# Visual Studio Version 17
VisualStudioVersion = 17.0.32112.339
MinimumVisualStudioVersion = 10.0.40219.1
Project("{9A19103F-16F7-4668-BE54-9A1E7A4F7556}") = "01. Computer Store", "01. Computer Store\01. Computer Store.csproj", "{E3B41C77-1B8A-4409-9F69-191222FF9E15}"
EndProject
Project("{9A19103F-16F7-4668-BE54-9A1E7A4F7556}") = "02. The Lift", "02. The Lift\02. The Lift.csproj", "{63F74349-6B43-4A02-8641-51BA031BDA02}"
EndProject
Project("{FAE04EC0-301F-11D3-BF4B-00C04F79EFBC}") = "03. Memory Game", "03. Memory Game\03. Memory Game.csproj", "{3FA7E7D7-1E47-4955-8F31-F55BF4205572}"
EndProject
Global
	GlobalSection(SolutionConfigurationPlatforms) = preSolution
		Debug|Any CPU = Debug|Any CPU
		Release|Any CPU = Release|Any CPU
	EndGlobalSection
	GlobalSection(ProjectConfigurationPlatforms) = postSolution
		{E3B41C77-1B8A-4409-9F69-191222FF9E15}.Debug|Any CPU.ActiveCfg = Debug|Any CPU
		{E3B41C77-1B8A-4409-9F69-191222FF9E15}.Debug|Any CPU.Build.0 = Debug|Any CPU
		{E3B41C77-1B8A-4409-9F69-191222FF9E15}.Release|Any CPU.ActiveCfg = Release|Any CPU
		{E3B41C77-1B8A-4409-9F69-191222FF9E15}.Release|Any CPU.Build.0 = Release|Any CPU
		{63F74349-6B43-4A02-8641-51BA031BDA02}.Debug|Any CPU.ActiveCfg = Debug|Any CPU
		{63F74349-6B43-4A02-8641-51BA031BDA02}.Debug|Any CPU.Build.0 = Debug|Any CPU
		{63F74349-6B43-4A02-8641-51BA031BDA02}.Release|Any CPU.ActiveCfg = Release|Any CPU
		{63F74349-6B43-4A02-8641-51BA031BDA02}.Release|Any CPU.Build.0 = Release|Any CPU
		{3FA7E7D7-1E47-4955-8F31-F55BF4205572}.Debug|Any CPU.ActiveCfg = Debug|Any CPU
		{3FA7E7D7-1E47-4955-8F31-F55BF4205572}.Debug|Any CPU.Build.0 = Debug|Any CPU
		{3FA7E7D7-1E47-4955-8F31-F55BF4205572}.Release|Any CPU.ActiveCfg = Release|Any CPU
		{3FA7E7D7-1E47-4955-8F31-F55BF4205572}.Release|Any CPU.Build.0 = Release|Any CPU
	EndGlobalSection
	GlobalSection(SolutionProperties) = preSolution
		HideSolutionNode = FALSE
	EndGlobalSection
	GlobalSection(ExtensibilityGlobals) = postSolution
		SolutionGuid = {D9F236F9-AA25-46E6-9D3F-97A217B82ED3}
	EndGlobalSection
EndGlobal
