
Microsoft Visual Studio Solution File, Format Version 12.00
# Visual Studio Version 17
VisualStudioVersion = 17.1.32319.34
MinimumVisualStudioVersion = 10.0.40219.1
Project("{9A19103F-16F7-4668-BE54-9A1E7A4F7556}") = "01. The Imitation Game", "01. The Imitation Game\01. The Imitation Game.csproj", "{08476DE3-B47B-448D-AB5B-1C5671387FA7}"
EndProject
Project("{9A19103F-16F7-4668-BE54-9A1E7A4F7556}") = "02. Ad Astra", "02. Ad Astra\02. Ad Astra.csproj", "{95DB9F58-C4D3-42C8-ADC0-989EA9E19673}"
EndProject
Project("{FAE04EC0-301F-11D3-BF4B-00C04F79EFBC}") = "03. The Pianist", "03. The Pianist\03. The Pianist.csproj", "{CD9909B2-A12F-40AE-B933-09D9662E130B}"
EndProject
Global
	GlobalSection(SolutionConfigurationPlatforms) = preSolution
		Debug|Any CPU = Debug|Any CPU
		Release|Any CPU = Release|Any CPU
	EndGlobalSection
	GlobalSection(ProjectConfigurationPlatforms) = postSolution
		{08476DE3-B47B-448D-AB5B-1C5671387FA7}.Debug|Any CPU.ActiveCfg = Debug|Any CPU
		{08476DE3-B47B-448D-AB5B-1C5671387FA7}.Debug|Any CPU.Build.0 = Debug|Any CPU
		{08476DE3-B47B-448D-AB5B-1C5671387FA7}.Release|Any CPU.ActiveCfg = Release|Any CPU
		{08476DE3-B47B-448D-AB5B-1C5671387FA7}.Release|Any CPU.Build.0 = Release|Any CPU
		{95DB9F58-C4D3-42C8-ADC0-989EA9E19673}.Debug|Any CPU.ActiveCfg = Debug|Any CPU
		{95DB9F58-C4D3-42C8-ADC0-989EA9E19673}.Debug|Any CPU.Build.0 = Debug|Any CPU
		{95DB9F58-C4D3-42C8-ADC0-989EA9E19673}.Release|Any CPU.ActiveCfg = Release|Any CPU
		{95DB9F58-C4D3-42C8-ADC0-989EA9E19673}.Release|Any CPU.Build.0 = Release|Any CPU
		{CD9909B2-A12F-40AE-B933-09D9662E130B}.Debug|Any CPU.ActiveCfg = Debug|Any CPU
		{CD9909B2-A12F-40AE-B933-09D9662E130B}.Debug|Any CPU.Build.0 = Debug|Any CPU
		{CD9909B2-A12F-40AE-B933-09D9662E130B}.Release|Any CPU.ActiveCfg = Release|Any CPU
		{CD9909B2-A12F-40AE-B933-09D9662E130B}.Release|Any CPU.Build.0 = Release|Any CPU
	EndGlobalSection
	GlobalSection(SolutionProperties) = preSolution
		HideSolutionNode = FALSE
	EndGlobalSection
	GlobalSection(ExtensibilityGlobals) = postSolution
		SolutionGuid = {5FBD4028-94AC-42F3-AEFC-823A7D5B4BCC}
	EndGlobalSection
EndGlobal
