
Microsoft Visual Studio Solution File, Format Version 12.00
# Visual Studio Version 16
VisualStudioVersion = 16.0.31624.102
MinimumVisualStudioVersion = 10.0.40219.1
Project("{9A19103F-16F7-4668-BE54-9A1E7A4F7556}") = "01. Student Information", "01. Student Information\01. Student Information.csproj", "{9AB656D3-C467-4257-A908-F665EAF3F663}"
EndProject
Project("{9A19103F-16F7-4668-BE54-9A1E7A4F7556}") = "02. Passed", "02. Passed\02. Passed.csproj", "{D6BAF674-6BDB-4240-9472-6CA2C5B14942}"
EndProject
Project("{9A19103F-16F7-4668-BE54-9A1E7A4F7556}") = "04. Back In 30 Minutes", "04. Back In 30 Minutes\04. Back In 30 Minutes.csproj", "{7A81F66A-06BA-4132-9587-6EBE8E7CD1E3}"
EndProject
Project("{9A19103F-16F7-4668-BE54-9A1E7A4F7556}") = "05. Month Printer", "05. Month Printer\05. Month Printer.csproj", "{6764BB43-24FF-493B-A1CB-544F9D712AA0}"
EndProject
Project("{9A19103F-16F7-4668-BE54-9A1E7A4F7556}") = "06. Foreign Languages", "06. Foreign Languages\06. Foreign Languages.csproj", "{FE2F750C-7A67-4A5D-8B3B-6C3A60D9F211}"
EndProject
Project("{FAE04EC0-301F-11D3-BF4B-00C04F79EFBC}") = "07. Theatre Promotion", "07. Theatre Promotion\07. Theatre Promotion.csproj", "{10F5C61E-A407-4D6C-818B-21755FD0244D}"
EndProject
Project("{FAE04EC0-301F-11D3-BF4B-00C04F79EFBC}") = "08. Divisible by 3", "08. Divisible by 3\08. Divisible by 3.csproj", "{6C3216F4-0EBB-4078-AC87-A5B4E3E60B7F}"
EndProject
Project("{FAE04EC0-301F-11D3-BF4B-00C04F79EFBC}") = "09. Sum of Odd Numbers", "09. Sum of Odd Numbers\09. Sum of Odd Numbers.csproj", "{C4CE0603-DB80-4FA6-9FCD-2858C8EE96AE}"
EndProject
Project("{FAE04EC0-301F-11D3-BF4B-00C04F79EFBC}") = "10. Multiplication Table", "10. Multiplication Table\10. Multiplication Table.csproj", "{A406F70A-1EA3-42A8-9071-32FB0D135068}"
EndProject
Project("{FAE04EC0-301F-11D3-BF4B-00C04F79EFBC}") = "11. Multiplication Table 2.0", "11. Multiplication Table 2.0\11. Multiplication Table 2.0.csproj", "{ACD28BA8-42AD-43F8-9D9B-3A03C89573F3}"
EndProject
Global
	GlobalSection(SolutionConfigurationPlatforms) = preSolution
		Debug|Any CPU = Debug|Any CPU
		Release|Any CPU = Release|Any CPU
	EndGlobalSection
	GlobalSection(ProjectConfigurationPlatforms) = postSolution
		{9AB656D3-C467-4257-A908-F665EAF3F663}.Debug|Any CPU.ActiveCfg = Debug|Any CPU
		{9AB656D3-C467-4257-A908-F665EAF3F663}.Debug|Any CPU.Build.0 = Debug|Any CPU
		{9AB656D3-C467-4257-A908-F665EAF3F663}.Release|Any CPU.ActiveCfg = Release|Any CPU
		{9AB656D3-C467-4257-A908-F665EAF3F663}.Release|Any CPU.Build.0 = Release|Any CPU
		{D6BAF674-6BDB-4240-9472-6CA2C5B14942}.Debug|Any CPU.ActiveCfg = Debug|Any CPU
		{D6BAF674-6BDB-4240-9472-6CA2C5B14942}.Debug|Any CPU.Build.0 = Debug|Any CPU
		{D6BAF674-6BDB-4240-9472-6CA2C5B14942}.Release|Any CPU.ActiveCfg = Release|Any CPU
		{D6BAF674-6BDB-4240-9472-6CA2C5B14942}.Release|Any CPU.Build.0 = Release|Any CPU
		{7A81F66A-06BA-4132-9587-6EBE8E7CD1E3}.Debug|Any CPU.ActiveCfg = Debug|Any CPU
		{7A81F66A-06BA-4132-9587-6EBE8E7CD1E3}.Debug|Any CPU.Build.0 = Debug|Any CPU
		{7A81F66A-06BA-4132-9587-6EBE8E7CD1E3}.Release|Any CPU.ActiveCfg = Release|Any CPU
		{7A81F66A-06BA-4132-9587-6EBE8E7CD1E3}.Release|Any CPU.Build.0 = Release|Any CPU
		{6764BB43-24FF-493B-A1CB-544F9D712AA0}.Debug|Any CPU.ActiveCfg = Debug|Any CPU
		{6764BB43-24FF-493B-A1CB-544F9D712AA0}.Debug|Any CPU.Build.0 = Debug|Any CPU
		{6764BB43-24FF-493B-A1CB-544F9D712AA0}.Release|Any CPU.ActiveCfg = Release|Any CPU
		{6764BB43-24FF-493B-A1CB-544F9D712AA0}.Release|Any CPU.Build.0 = Release|Any CPU
		{FE2F750C-7A67-4A5D-8B3B-6C3A60D9F211}.Debug|Any CPU.ActiveCfg = Debug|Any CPU
		{FE2F750C-7A67-4A5D-8B3B-6C3A60D9F211}.Debug|Any CPU.Build.0 = Debug|Any CPU
		{FE2F750C-7A67-4A5D-8B3B-6C3A60D9F211}.Release|Any CPU.ActiveCfg = Release|Any CPU
		{FE2F750C-7A67-4A5D-8B3B-6C3A60D9F211}.Release|Any CPU.Build.0 = Release|Any CPU
		{10F5C61E-A407-4D6C-818B-21755FD0244D}.Debug|Any CPU.ActiveCfg = Debug|Any CPU
		{10F5C61E-A407-4D6C-818B-21755FD0244D}.Debug|Any CPU.Build.0 = Debug|Any CPU
		{10F5C61E-A407-4D6C-818B-21755FD0244D}.Release|Any CPU.ActiveCfg = Release|Any CPU
		{10F5C61E-A407-4D6C-818B-21755FD0244D}.Release|Any CPU.Build.0 = Release|Any CPU
		{6C3216F4-0EBB-4078-AC87-A5B4E3E60B7F}.Debug|Any CPU.ActiveCfg = Debug|Any CPU
		{6C3216F4-0EBB-4078-AC87-A5B4E3E60B7F}.Debug|Any CPU.Build.0 = Debug|Any CPU
		{6C3216F4-0EBB-4078-AC87-A5B4E3E60B7F}.Release|Any CPU.ActiveCfg = Release|Any CPU
		{6C3216F4-0EBB-4078-AC87-A5B4E3E60B7F}.Release|Any CPU.Build.0 = Release|Any CPU
		{C4CE0603-DB80-4FA6-9FCD-2858C8EE96AE}.Debug|Any CPU.ActiveCfg = Debug|Any CPU
		{C4CE0603-DB80-4FA6-9FCD-2858C8EE96AE}.Debug|Any CPU.Build.0 = Debug|Any CPU
		{C4CE0603-DB80-4FA6-9FCD-2858C8EE96AE}.Release|Any CPU.ActiveCfg = Release|Any CPU
		{C4CE0603-DB80-4FA6-9FCD-2858C8EE96AE}.Release|Any CPU.Build.0 = Release|Any CPU
		{A406F70A-1EA3-42A8-9071-32FB0D135068}.Debug|Any CPU.ActiveCfg = Debug|Any CPU
		{A406F70A-1EA3-42A8-9071-32FB0D135068}.Debug|Any CPU.Build.0 = Debug|Any CPU
		{A406F70A-1EA3-42A8-9071-32FB0D135068}.Release|Any CPU.ActiveCfg = Release|Any CPU
		{A406F70A-1EA3-42A8-9071-32FB0D135068}.Release|Any CPU.Build.0 = Release|Any CPU
		{ACD28BA8-42AD-43F8-9D9B-3A03C89573F3}.Debug|Any CPU.ActiveCfg = Debug|Any CPU
		{ACD28BA8-42AD-43F8-9D9B-3A03C89573F3}.Debug|Any CPU.Build.0 = Debug|Any CPU
		{ACD28BA8-42AD-43F8-9D9B-3A03C89573F3}.Release|Any CPU.ActiveCfg = Release|Any CPU
		{ACD28BA8-42AD-43F8-9D9B-3A03C89573F3}.Release|Any CPU.Build.0 = Release|Any CPU
	EndGlobalSection
	GlobalSection(SolutionProperties) = preSolution
		HideSolutionNode = FALSE
	EndGlobalSection
	GlobalSection(ExtensibilityGlobals) = postSolution
		SolutionGuid = {06C36880-A966-460E-8EC0-FCD43BD0E03E}
	EndGlobalSection
EndGlobal
