
Microsoft Visual Studio Solution File, Format Version 12.00
# Visual Studio Version 17
VisualStudioVersion = 17.0.32112.339
MinimumVisualStudioVersion = 10.0.40219.1
Project("{FAE04EC0-301F-11D3-BF4B-00C04F79EFBC}") = "1. Match Full Name", "1. Match Full Name\1. Match Full Name.csproj", "{89679326-47BA-4CBF-B608-05E8458BEF61}"
EndProject
Project("{FAE04EC0-301F-11D3-BF4B-00C04F79EFBC}") = "2. Match Phone Number", "2. Match Phone Number\2. Match Phone Number.csproj", "{08382FB4-DB44-44FD-9052-BBA6D16A9B48}"
EndProject
Project("{FAE04EC0-301F-11D3-BF4B-00C04F79EFBC}") = "3. Match Dates", "3. Match Dates\3. Match Dates.csproj", "{01F34FB7-A3F0-4EC0-9DAD-574BF6A828AE}"
EndProject
Global
	GlobalSection(SolutionConfigurationPlatforms) = preSolution
		Debug|Any CPU = Debug|Any CPU
		Release|Any CPU = Release|Any CPU
	EndGlobalSection
	GlobalSection(ProjectConfigurationPlatforms) = postSolution
		{89679326-47BA-4CBF-B608-05E8458BEF61}.Debug|Any CPU.ActiveCfg = Debug|Any CPU
		{89679326-47BA-4CBF-B608-05E8458BEF61}.Debug|Any CPU.Build.0 = Debug|Any CPU
		{89679326-47BA-4CBF-B608-05E8458BEF61}.Release|Any CPU.ActiveCfg = Release|Any CPU
		{89679326-47BA-4CBF-B608-05E8458BEF61}.Release|Any CPU.Build.0 = Release|Any CPU
		{08382FB4-DB44-44FD-9052-BBA6D16A9B48}.Debug|Any CPU.ActiveCfg = Debug|Any CPU
		{08382FB4-DB44-44FD-9052-BBA6D16A9B48}.Debug|Any CPU.Build.0 = Debug|Any CPU
		{08382FB4-DB44-44FD-9052-BBA6D16A9B48}.Release|Any CPU.ActiveCfg = Release|Any CPU
		{08382FB4-DB44-44FD-9052-BBA6D16A9B48}.Release|Any CPU.Build.0 = Release|Any CPU
		{01F34FB7-A3F0-4EC0-9DAD-574BF6A828AE}.Debug|Any CPU.ActiveCfg = Debug|Any CPU
		{01F34FB7-A3F0-4EC0-9DAD-574BF6A828AE}.Debug|Any CPU.Build.0 = Debug|Any CPU
		{01F34FB7-A3F0-4EC0-9DAD-574BF6A828AE}.Release|Any CPU.ActiveCfg = Release|Any CPU
		{01F34FB7-A3F0-4EC0-9DAD-574BF6A828AE}.Release|Any CPU.Build.0 = Release|Any CPU
	EndGlobalSection
	GlobalSection(SolutionProperties) = preSolution
		HideSolutionNode = FALSE
	EndGlobalSection
	GlobalSection(ExtensibilityGlobals) = postSolution
		SolutionGuid = {04D37E41-78B6-45C7-AEB5-646A3141E007}
	EndGlobalSection
EndGlobal
